
Microsoft Visual Studio Solution File, Format Version 12.00
# Visual Studio 15
VisualStudioVersion = 15.0.27004.2002
MinimumVisualStudioVersion = 10.0.40219.1
Project("{2150E333-8FDC-42A3-9474-1A3956D46DE8}") = "01-Business", "01-Business", "{FA073DE2-4047-4EFA-A950-F54FE38A5238}"
EndProject
Project("{2150E333-8FDC-42A3-9474-1A3956D46DE8}") = "02-Data", "02-Data", "{AEF20275-ADD5-444D-A255-212BACA7AB82}"
EndProject
Project("{2150E333-8FDC-42A3-9474-1A3956D46DE8}") = "03-Prezentation", "03-Prezentation", "{F3E89812-4569-4948-B2A6-246A6DCB1EFD}"
EndProject
Project("{2150E333-8FDC-42A3-9474-1A3956D46DE8}") = "04-Tests", "04-Tests", "{6D8C213F-A17E-44E4-94E9-4325A4E7C5EF}"
EndProject
Project("{9A19103F-16F7-4668-BE54-9A1E7A4F7556}") = "Prezentation", "Prezentation\Prezentation.csproj", "{2A1F1DD2-59D7-442A-8591-794E12C828D2}"
EndProject
Project("{FAE04EC0-301F-11D3-BF4B-00C04F79EFBC}") = "Data.Domain", "Data.Domain\Data.Domain.csproj", "{A39B749C-B51D-42F1-8864-54115CE29C64}"
EndProject
Project("{FAE04EC0-301F-11D3-BF4B-00C04F79EFBC}") = "Data.Persistence", "Data.Persistence\Data.Persistence.csproj", "{478265AF-0FF2-4403-831C-1967AA83A9F7}"
EndProject
Project("{FAE04EC0-301F-11D3-BF4B-00C04F79EFBC}") = "Business", "Business\Business.csproj", "{DC0871A8-F4F2-47E8-B22F-B8AE2468520E}"
EndProject
Project("{FAE04EC0-301F-11D3-BF4B-00C04F79EFBC}") = "IntegrationTests", "IntegrationTests\IntegrationTests.csproj", "{D2ADB63C-64C6-4A04-B844-FBB02AC6D1CD}"
EndProject
Project("{FAE04EC0-301F-11D3-BF4B-00C04F79EFBC}") = "UnitTests", "UnitTests\UnitTests.csproj", "{82FE6592-A406-4790-A34A-7FD4D0779422}"
EndProject
Global
	GlobalSection(SolutionConfigurationPlatforms) = preSolution
		Debug|Any CPU = Debug|Any CPU
		Release|Any CPU = Release|Any CPU
	EndGlobalSection
	GlobalSection(ProjectConfigurationPlatforms) = postSolution
		{2A1F1DD2-59D7-442A-8591-794E12C828D2}.Debug|Any CPU.ActiveCfg = Debug|Any CPU
		{2A1F1DD2-59D7-442A-8591-794E12C828D2}.Debug|Any CPU.Build.0 = Debug|Any CPU
		{2A1F1DD2-59D7-442A-8591-794E12C828D2}.Release|Any CPU.ActiveCfg = Release|Any CPU
		{2A1F1DD2-59D7-442A-8591-794E12C828D2}.Release|Any CPU.Build.0 = Release|Any CPU
		{A39B749C-B51D-42F1-8864-54115CE29C64}.Debug|Any CPU.ActiveCfg = Debug|Any CPU
		{A39B749C-B51D-42F1-8864-54115CE29C64}.Debug|Any CPU.Build.0 = Debug|Any CPU
		{A39B749C-B51D-42F1-8864-54115CE29C64}.Release|Any CPU.ActiveCfg = Release|Any CPU
		{A39B749C-B51D-42F1-8864-54115CE29C64}.Release|Any CPU.Build.0 = Release|Any CPU
		{478265AF-0FF2-4403-831C-1967AA83A9F7}.Debug|Any CPU.ActiveCfg = Debug|Any CPU
		{478265AF-0FF2-4403-831C-1967AA83A9F7}.Debug|Any CPU.Build.0 = Debug|Any CPU
		{478265AF-0FF2-4403-831C-1967AA83A9F7}.Release|Any CPU.ActiveCfg = Release|Any CPU
		{478265AF-0FF2-4403-831C-1967AA83A9F7}.Release|Any CPU.Build.0 = Release|Any CPU
		{DC0871A8-F4F2-47E8-B22F-B8AE2468520E}.Debug|Any CPU.ActiveCfg = Debug|Any CPU
		{DC0871A8-F4F2-47E8-B22F-B8AE2468520E}.Debug|Any CPU.Build.0 = Debug|Any CPU
		{DC0871A8-F4F2-47E8-B22F-B8AE2468520E}.Release|Any CPU.ActiveCfg = Release|Any CPU
		{DC0871A8-F4F2-47E8-B22F-B8AE2468520E}.Release|Any CPU.Build.0 = Release|Any CPU
		{D2ADB63C-64C6-4A04-B844-FBB02AC6D1CD}.Debug|Any CPU.ActiveCfg = Debug|Any CPU
		{D2ADB63C-64C6-4A04-B844-FBB02AC6D1CD}.Debug|Any CPU.Build.0 = Debug|Any CPU
		{D2ADB63C-64C6-4A04-B844-FBB02AC6D1CD}.Release|Any CPU.ActiveCfg = Release|Any CPU
		{D2ADB63C-64C6-4A04-B844-FBB02AC6D1CD}.Release|Any CPU.Build.0 = Release|Any CPU
		{82FE6592-A406-4790-A34A-7FD4D0779422}.Debug|Any CPU.ActiveCfg = Debug|Any CPU
		{82FE6592-A406-4790-A34A-7FD4D0779422}.Debug|Any CPU.Build.0 = Debug|Any CPU
		{82FE6592-A406-4790-A34A-7FD4D0779422}.Release|Any CPU.ActiveCfg = Release|Any CPU
		{82FE6592-A406-4790-A34A-7FD4D0779422}.Release|Any CPU.Build.0 = Release|Any CPU
	EndGlobalSection
	GlobalSection(SolutionProperties) = preSolution
		HideSolutionNode = FALSE
	EndGlobalSection
	GlobalSection(NestedProjects) = preSolution
		{2A1F1DD2-59D7-442A-8591-794E12C828D2} = {F3E89812-4569-4948-B2A6-246A6DCB1EFD}
		{A39B749C-B51D-42F1-8864-54115CE29C64} = {AEF20275-ADD5-444D-A255-212BACA7AB82}
		{478265AF-0FF2-4403-831C-1967AA83A9F7} = {AEF20275-ADD5-444D-A255-212BACA7AB82}
		{DC0871A8-F4F2-47E8-B22F-B8AE2468520E} = {FA073DE2-4047-4EFA-A950-F54FE38A5238}
		{D2ADB63C-64C6-4A04-B844-FBB02AC6D1CD} = {6D8C213F-A17E-44E4-94E9-4325A4E7C5EF}
		{82FE6592-A406-4790-A34A-7FD4D0779422} = {6D8C213F-A17E-44E4-94E9-4325A4E7C5EF}
	EndGlobalSection
	GlobalSection(ExtensibilityGlobals) = postSolution
		SolutionGuid = {9585ECF4-D1FE-440A-BC87-B2CDA99D6E36}
	EndGlobalSection
EndGlobal
