
Microsoft Visual Studio Solution File, Format Version 12.00
# Visual Studio 15
VisualStudioVersion = 15.0.27004.2002
MinimumVisualStudioVersion = 10.0.40219.1
Project("{2150E333-8FDC-42A3-9474-1A3956D46DE8}") = "01-Business", "01-Business", "{FA073DE2-4047-4EFA-A950-F54FE38A5238}"
EndProject
Project("{2150E333-8FDC-42A3-9474-1A3956D46DE8}") = "02-Data", "02-Data", "{AEF20275-ADD5-444D-A255-212BACA7AB82}"
EndProject
Project("{2150E333-8FDC-42A3-9474-1A3956D46DE8}") = "03-Prezentation", "03-Prezentation", "{F3E89812-4569-4948-B2A6-246A6DCB1EFD}"
EndProject
Project("{2150E333-8FDC-42A3-9474-1A3956D46DE8}") = "04-Tests", "04-Tests", "{6D8C213F-A17E-44E4-94E9-4325A4E7C5EF}"
EndProject
Project("{FAE04EC0-301F-11D3-BF4B-00C04F79EFBC}") = "FiiAdmisionPrezentation", "FiiAdmisionPrezentation\FiiAdmisionPrezentation.csproj", "{10D29E67-ECB5-4207-B890-A968E6CD60BE}"
EndProject
Global
	GlobalSection(SolutionConfigurationPlatforms) = preSolution
		Debug|Any CPU = Debug|Any CPU
		Release|Any CPU = Release|Any CPU
	EndGlobalSection
	GlobalSection(ProjectConfigurationPlatforms) = postSolution
		{10D29E67-ECB5-4207-B890-A968E6CD60BE}.Debug|Any CPU.ActiveCfg = Debug|Any CPU
		{10D29E67-ECB5-4207-B890-A968E6CD60BE}.Debug|Any CPU.Build.0 = Debug|Any CPU
		{10D29E67-ECB5-4207-B890-A968E6CD60BE}.Release|Any CPU.ActiveCfg = Release|Any CPU
		{10D29E67-ECB5-4207-B890-A968E6CD60BE}.Release|Any CPU.Build.0 = Release|Any CPU
	EndGlobalSection
	GlobalSection(SolutionProperties) = preSolution
		HideSolutionNode = FALSE
	EndGlobalSection
	GlobalSection(NestedProjects) = preSolution
		{10D29E67-ECB5-4207-B890-A968E6CD60BE} = {F3E89812-4569-4948-B2A6-246A6DCB1EFD}
	EndGlobalSection
	GlobalSection(ExtensibilityGlobals) = postSolution
		SolutionGuid = {9585ECF4-D1FE-440A-BC87-B2CDA99D6E36}
	EndGlobalSection
EndGlobal
